
Microsoft Visual Studio Solution File, Format Version 12.00
# Visual Studio Version 16
VisualStudioVersion = 16.0.31112.23
MinimumVisualStudioVersion = 10.0.40219.1
Project("{FAE04EC0-301F-11D3-BF4B-00C04F79EFBC}") = "VolterraEquationCalculator", "VolterraEquationCalculator\VolterraEquationCalculator.csproj", "{5ED7FED1-5079-4AD6-A701-472064DD10A4}"
EndProject
Project("{FAE04EC0-301F-11D3-BF4B-00C04F79EFBC}") = "ColorPickerDLL", "ColorPickerDLL\ColorPickerDLL.csproj", "{EB3F0ACF-C179-46F4-BC4D-3E7ABBCDFE30}"
EndProject
Global
	GlobalSection(SolutionConfigurationPlatforms) = preSolution
		Debug|Any CPU = Debug|Any CPU
		Release|Any CPU = Release|Any CPU
	EndGlobalSection
	GlobalSection(ProjectConfigurationPlatforms) = postSolution
		{5ED7FED1-5079-4AD6-A701-472064DD10A4}.Debug|Any CPU.ActiveCfg = Debug|Any CPU
		{5ED7FED1-5079-4AD6-A701-472064DD10A4}.Debug|Any CPU.Build.0 = Debug|Any CPU
		{5ED7FED1-5079-4AD6-A701-472064DD10A4}.Release|Any CPU.ActiveCfg = Release|Any CPU
		{5ED7FED1-5079-4AD6-A701-472064DD10A4}.Release|Any CPU.Build.0 = Release|Any CPU
		{EB3F0ACF-C179-46F4-BC4D-3E7ABBCDFE30}.Debug|Any CPU.ActiveCfg = Debug|Any CPU
		{EB3F0ACF-C179-46F4-BC4D-3E7ABBCDFE30}.Debug|Any CPU.Build.0 = Debug|Any CPU
		{EB3F0ACF-C179-46F4-BC4D-3E7ABBCDFE30}.Release|Any CPU.ActiveCfg = Release|Any CPU
		{EB3F0ACF-C179-46F4-BC4D-3E7ABBCDFE30}.Release|Any CPU.Build.0 = Release|Any CPU
	EndGlobalSection
	GlobalSection(SolutionProperties) = preSolution
		HideSolutionNode = FALSE
	EndGlobalSection
	GlobalSection(ExtensibilityGlobals) = postSolution
		SolutionGuid = {F68F03C3-6359-470B-BD84-EF6AC575A1F4}
	EndGlobalSection
EndGlobal
